
Microsoft Visual Studio Solution File, Format Version 11.00
# Visual Studio 2010
Project("{FAE04EC0-301F-11D3-BF4B-00C04F79EFBC}") = "Pipe Castle", "Assembly-CSharp.csproj", "{BDF70D69-3772-2B3B-2FF3-2D687A335FA7}"
EndProject
Project("{FAE04EC0-301F-11D3-BF4B-00C04F79EFBC}") = "Pipe Castle", "Assembly-CSharp-Editor.csproj", "{3FBDFADE-9DAF-1E99-ACBC-F34470CB5FE7}"
EndProject
Global
	GlobalSection(SolutionConfigurationPlatforms) = preSolution
		Debug|Any CPU = Debug|Any CPU
		Release|Any CPU = Release|Any CPU
	EndGlobalSection
	GlobalSection(ProjectConfigurationPlatforms) = postSolution
		{BDF70D69-3772-2B3B-2FF3-2D687A335FA7}.Debug|Any CPU.ActiveCfg = Debug|Any CPU
		{BDF70D69-3772-2B3B-2FF3-2D687A335FA7}.Debug|Any CPU.Build.0 = Debug|Any CPU
		{BDF70D69-3772-2B3B-2FF3-2D687A335FA7}.Release|Any CPU.ActiveCfg = Release|Any CPU
		{BDF70D69-3772-2B3B-2FF3-2D687A335FA7}.Release|Any CPU.Build.0 = Release|Any CPU
		{3FBDFADE-9DAF-1E99-ACBC-F34470CB5FE7}.Debug|Any CPU.ActiveCfg = Debug|Any CPU
		{3FBDFADE-9DAF-1E99-ACBC-F34470CB5FE7}.Debug|Any CPU.Build.0 = Debug|Any CPU
		{3FBDFADE-9DAF-1E99-ACBC-F34470CB5FE7}.Release|Any CPU.ActiveCfg = Release|Any CPU
		{3FBDFADE-9DAF-1E99-ACBC-F34470CB5FE7}.Release|Any CPU.Build.0 = Release|Any CPU
	EndGlobalSection
	GlobalSection(SolutionProperties) = preSolution
		HideSolutionNode = FALSE
	EndGlobalSection
	GlobalSection(MonoDevelopProperties) = preSolution
		StartupItem = Assembly-CSharp.csproj
	EndGlobalSection
EndGlobal
